{
    "compileClasspath": {
        "com.netflix.concurrency-limits:concurrency-limits-core": {
            "project": true
        },
        "com.netflix.spectator:spectator-api": {
            "locked": "1.4.1"
        },
        "org.slf4j:slf4j-api": {
            "locked": "2.0.4"
        }
    },
    "runtimeClasspath": {
        "com.netflix.concurrency-limits:concurrency-limits-core": {
            "project": true
        },
        "com.netflix.spectator:spectator-api": {
            "locked": "1.4.1"
        },
        "org.slf4j:slf4j-api": {
            "firstLevelTransitive": [
                "com.netflix.concurrency-limits:concurrency-limits-core"
            ],
            "locked": "2.0.4"
        }
    },
    "testCompileClasspath": {
        "com.netflix.concurrency-limits:concurrency-limits-core": {
            "project": true
        },
        "com.netflix.spectator:spectator-api": {
            "locked": "1.4.1"
        },
        "junit:junit": {
            "locked": "4.13.2"
        },
        "org.slf4j:slf4j-api": {
            "locked": "2.0.4"
        }
    },
    "testRuntimeClasspath": {
        "com.netflix.concurrency-limits:concurrency-limits-core": {
            "project": true
        },
        "com.netflix.spectator:spectator-api": {
            "locked": "1.4.1"
        },
        "org.junit.jupiter:junit-jupiter-engine": {
            "locked": "5.9.1"
        },
        "org.junit.vintage:junit-vintage-engine": {
            "locked": "5.9.1"
        },
        "org.slf4j:slf4j-api": {
            "firstLevelTransitive": [
                "com.netflix.concurrency-limits:concurrency-limits-core"
            ],
            "locked": "2.0.4"
        }
    }
}