{
    "compileClasspath": {
        "com.netflix.concurrency-limits:concurrency-limits-core": {
            "project": true
        },
        "io.grpc:grpc-core": {
            "locked": "1.9.0"
        },
        "org.slf4j:slf4j-api": {
            "locked": "2.0.3"
        }
    },
    "runtimeClasspath": {
        "com.netflix.concurrency-limits:concurrency-limits-core": {
            "project": true
        },
        "org.slf4j:slf4j-api": {
            "firstLevelTransitive": [
                "com.netflix.concurrency-limits:concurrency-limits-core"
            ],
            "locked": "2.0.3"
        }
    },
    "testCompileClasspath": {
        "com.netflix.concurrency-limits:concurrency-limits-core": {
            "project": true
        },
        "com.netflix.concurrency-limits:concurrency-limits-spectator": {
            "project": true
        },
        "com.netflix.spectator:spectator-api": {
            "firstLevelTransitive": [
                "com.netflix.concurrency-limits:concurrency-limits-spectator"
            ],
            "locked": "1.4.0"
        },
        "io.grpc:grpc-netty": {
            "locked": "1.9.0"
        },
        "io.grpc:grpc-stub": {
            "locked": "1.9.0"
        },
        "junit:junit": {
            "locked": "4.13.2"
        },
        "org.apache.commons:commons-math3": {
            "locked": "3.6.1"
        },
        "org.mockito:mockito-core": {
            "locked": "4.9.0"
        },
        "org.slf4j:slf4j-api": {
            "locked": "2.0.3"
        },
        "org.slf4j:slf4j-log4j12": {
            "locked": "2.0.3"
        }
    },
    "testRuntimeClasspath": {
        "com.netflix.concurrency-limits:concurrency-limits-core": {
            "firstLevelTransitive": [
                "com.netflix.concurrency-limits:concurrency-limits-spectator"
            ],
            "project": true
        },
        "com.netflix.concurrency-limits:concurrency-limits-spectator": {
            "project": true
        },
        "com.netflix.spectator:spectator-api": {
            "firstLevelTransitive": [
                "com.netflix.concurrency-limits:concurrency-limits-spectator"
            ],
            "locked": "1.4.0"
        },
        "io.grpc:grpc-netty": {
            "locked": "1.9.0"
        },
        "io.grpc:grpc-stub": {
            "locked": "1.9.0"
        },
        "org.apache.commons:commons-math3": {
            "locked": "3.6.1"
        },
        "org.junit.jupiter:junit-jupiter-engine": {
            "locked": "5.9.1"
        },
        "org.junit.vintage:junit-vintage-engine": {
            "locked": "5.9.1"
        },
        "org.mockito:mockito-core": {
            "locked": "4.9.0"
        },
        "org.slf4j:slf4j-api": {
            "firstLevelTransitive": [
                "com.netflix.concurrency-limits:concurrency-limits-core",
                "com.netflix.concurrency-limits:concurrency-limits-spectator"
            ],
            "locked": "2.0.3"
        },
        "org.slf4j:slf4j-log4j12": {
            "locked": "2.0.3"
        }
    }
}