{
    "compileClasspath": {
        "org.slf4j:slf4j-api": {
            "locked": "2.0.4"
        }
    },
    "runtimeClasspath": {
        "org.slf4j:slf4j-api": {
            "locked": "2.0.4"
        }
    },
    "testCompileClasspath": {
        "junit:junit": {
            "locked": "4.13.2"
        },
        "org.slf4j:slf4j-api": {
            "locked": "2.0.4"
        },
        "org.slf4j:slf4j-log4j12": {
            "locked": "2.0.4"
        }
    },
    "testRuntimeClasspath": {
        "org.junit.jupiter:junit-jupiter-engine": {
            "locked": "5.9.1"
        },
        "org.junit.vintage:junit-vintage-engine": {
            "locked": "5.9.1"
        },
        "org.slf4j:slf4j-api": {
            "locked": "2.0.4"
        },
        "org.slf4j:slf4j-log4j12": {
            "locked": "2.0.4"
        }
    }
}